
Microsoft Visual Studio Solution File, Format Version 12.00
# Visual Studio Version 16
VisualStudioVersion = 16.0.31702.278
MinimumVisualStudioVersion = 10.0.40219.1
Project("{8BC9CEB8-8B4A-11D0-8D11-00A0C91BC942}") = "ConsoleApplication18.11", "ConsoleApplication18.11\ConsoleApplication18.11.vcxproj", "{32BE702E-B5D6-40AC-B526-CA15BEF60089}"
EndProject
Global
	GlobalSection(SolutionConfigurationPlatforms) = preSolution
		Debug|x64 = Debug|x64
		Debug|x86 = Debug|x86
		Release|x64 = Release|x64
		Release|x86 = Release|x86
	EndGlobalSection
	GlobalSection(ProjectConfigurationPlatforms) = postSolution
		{32BE702E-B5D6-40AC-B526-CA15BEF60089}.Debug|x64.ActiveCfg = Debug|x64
		{32BE702E-B5D6-40AC-B526-CA15BEF60089}.Debug|x64.Build.0 = Debug|x64
		{32BE702E-B5D6-40AC-B526-CA15BEF60089}.Debug|x86.ActiveCfg = Debug|Win32
		{32BE702E-B5D6-40AC-B526-CA15BEF60089}.Debug|x86.Build.0 = Debug|Win32
		{32BE702E-B5D6-40AC-B526-CA15BEF60089}.Release|x64.ActiveCfg = Release|x64
		{32BE702E-B5D6-40AC-B526-CA15BEF60089}.Release|x64.Build.0 = Release|x64
		{32BE702E-B5D6-40AC-B526-CA15BEF60089}.Release|x86.ActiveCfg = Release|Win32
		{32BE702E-B5D6-40AC-B526-CA15BEF60089}.Release|x86.Build.0 = Release|Win32
	EndGlobalSection
	GlobalSection(SolutionProperties) = preSolution
		HideSolutionNode = FALSE
	EndGlobalSection
	GlobalSection(ExtensibilityGlobals) = postSolution
		SolutionGuid = {BC951743-DF0C-4658-933C-67C24D5F067C}
	EndGlobalSection
EndGlobal
